
Microsoft Visual Studio Solution File, Format Version 12.00
# Visual Studio 15
VisualStudioVersion = 15.0.27703.2042
MinimumVisualStudioVersion = 10.0.40219.1
Project("{FAE04EC0-301F-11D3-BF4B-00C04F79EFBC}") = "VirtualMindAPI", "VirtualMindAPI\VirtualMindAPI.csproj", "{D7A80132-8467-4CA2-BEDC-665EE4C21A9D}"
EndProject
Project("{FAE04EC0-301F-11D3-BF4B-00C04F79EFBC}") = "VMServices", "VMServices\VMServices.csproj", "{F11D9E7B-D8AA-4EF1-922C-C9F1267683F2}"
EndProject
Project("{FAE04EC0-301F-11D3-BF4B-00C04F79EFBC}") = "VMData", "VMData\VMData.csproj", "{3946F237-C1C7-4A85-9C88-78DBA69A8AE4}"
EndProject
Project("{FAE04EC0-301F-11D3-BF4B-00C04F79EFBC}") = "VirtualMindAPI.Test", "VMUnitTest\VirtualMindAPI.Test.csproj", "{8087418A-D2FB-4733-A058-7B21A473E2D7}"
EndProject
Project("{FAE04EC0-301F-11D3-BF4B-00C04F79EFBC}") = "Common", "Common\Common.csproj", "{9FA883B8-3B09-416B-9039-3A792F6B525D}"
EndProject
Global
	GlobalSection(SolutionConfigurationPlatforms) = preSolution
		Debug|Any CPU = Debug|Any CPU
		Release|Any CPU = Release|Any CPU
	EndGlobalSection
	GlobalSection(ProjectConfigurationPlatforms) = postSolution
		{D7A80132-8467-4CA2-BEDC-665EE4C21A9D}.Debug|Any CPU.ActiveCfg = Debug|Any CPU
		{D7A80132-8467-4CA2-BEDC-665EE4C21A9D}.Debug|Any CPU.Build.0 = Debug|Any CPU
		{D7A80132-8467-4CA2-BEDC-665EE4C21A9D}.Release|Any CPU.ActiveCfg = Release|Any CPU
		{D7A80132-8467-4CA2-BEDC-665EE4C21A9D}.Release|Any CPU.Build.0 = Release|Any CPU
		{F11D9E7B-D8AA-4EF1-922C-C9F1267683F2}.Debug|Any CPU.ActiveCfg = Debug|Any CPU
		{F11D9E7B-D8AA-4EF1-922C-C9F1267683F2}.Debug|Any CPU.Build.0 = Debug|Any CPU
		{F11D9E7B-D8AA-4EF1-922C-C9F1267683F2}.Release|Any CPU.ActiveCfg = Release|Any CPU
		{F11D9E7B-D8AA-4EF1-922C-C9F1267683F2}.Release|Any CPU.Build.0 = Release|Any CPU
		{3946F237-C1C7-4A85-9C88-78DBA69A8AE4}.Debug|Any CPU.ActiveCfg = Debug|Any CPU
		{3946F237-C1C7-4A85-9C88-78DBA69A8AE4}.Debug|Any CPU.Build.0 = Debug|Any CPU
		{3946F237-C1C7-4A85-9C88-78DBA69A8AE4}.Release|Any CPU.ActiveCfg = Release|Any CPU
		{3946F237-C1C7-4A85-9C88-78DBA69A8AE4}.Release|Any CPU.Build.0 = Release|Any CPU
		{8087418A-D2FB-4733-A058-7B21A473E2D7}.Debug|Any CPU.ActiveCfg = Debug|Any CPU
		{8087418A-D2FB-4733-A058-7B21A473E2D7}.Debug|Any CPU.Build.0 = Debug|Any CPU
		{8087418A-D2FB-4733-A058-7B21A473E2D7}.Release|Any CPU.ActiveCfg = Release|Any CPU
		{8087418A-D2FB-4733-A058-7B21A473E2D7}.Release|Any CPU.Build.0 = Release|Any CPU
		{9FA883B8-3B09-416B-9039-3A792F6B525D}.Debug|Any CPU.ActiveCfg = Debug|Any CPU
		{9FA883B8-3B09-416B-9039-3A792F6B525D}.Debug|Any CPU.Build.0 = Debug|Any CPU
		{9FA883B8-3B09-416B-9039-3A792F6B525D}.Release|Any CPU.ActiveCfg = Release|Any CPU
		{9FA883B8-3B09-416B-9039-3A792F6B525D}.Release|Any CPU.Build.0 = Release|Any CPU
	EndGlobalSection
	GlobalSection(SolutionProperties) = preSolution
		HideSolutionNode = FALSE
	EndGlobalSection
	GlobalSection(ExtensibilityGlobals) = postSolution
		SolutionGuid = {EBDCCEFF-8747-43CA-8BC8-892224F4FDAB}
	EndGlobalSection
EndGlobal
